github.com/FortAwesome/Font-Awesome v0.0.0-20230327165841-0698449d50f2 h1:Uv1z5EqCfmiK4IHUwT0m3h/u/WCk+kpRfxvAZhpC7Gc=
github.com/FortAwesome/Font-Awesome v0.0.0-20230327165841-0698449d50f2/go.mod h1:IUgezN/MFpCDIlFezw3L8j83oeiIuYoj28Miwr/KUYo=
github.com/gooddata/gooddata-docs-theme v0.0.0-20230821090954-9dadd85c39d9 h1:vlirQ2WeLgRgmkjcO6mEayzMq1vPTWaIAIg5MCxSDzI=
github.com/gooddata/gooddata-docs-theme v0.0.0-20230821090954-9dadd85c39d9/go.mod h1:VVNP6Cmo+vC37RD3T/YHjyU/QdqftGY5z4G513LYyrA=
github.com/gooddata/gooddata-docs-theme v0.0.0-20231011120437-aa34a0776cbe h1:i0kt6Wi08fGvZxKipI+volsAhNmnU9qHbZ0dzaY3SAE=
github.com/gooddata/gooddata-docs-theme v0.0.0-20231011120437-aa34a0776cbe/go.mod h1:VVNP6Cmo+vC37RD3T/YHjyU/QdqftGY5z4G513LYyrA=
github.com/gooddata/gooddata-docs-theme v0.0.0-20231017144305-7224c1251b71 h1:TP0En4qLBLRV4+34/WkLuV31KDMlsi9SX9DT2HIPU4Q=
github.com/gooddata/gooddata-docs-theme v0.0.0-20231017144305-7224c1251b71/go.mod h1:VVNP6Cmo+vC37RD3T/YHjyU/QdqftGY5z4G513LYyrA=
github.com/gooddata/gooddata-docs-theme v0.0.0-20231020110753-c96d5d57bff5 h1:jN+ygmdMBAErl2GTH7scqopUXtRyM6HvaA2Mgx7CmtY=
github.com/gooddata/gooddata-docs-theme v0.0.0-20231020110753-c96d5d57bff5/go.mod h1:VVNP6Cmo+vC37RD3T/YHjyU/QdqftGY5z4G513LYyrA=
github.com/gooddata/gooddata-docs-theme v0.0.0-20231026115610-865757c9da13 h1:s6+8+l46mnvOU0SW3LD8thIBTNpv8xMhXxdJyIk+zbk=
github.com/gooddata/gooddata-docs-theme v0.0.0-20231026115610-865757c9da13/go.mod h1:VVNP6Cmo+vC37RD3T/YHjyU/QdqftGY5z4G513LYyrA=
github.com/gooddata/gooddata-docs-theme v0.0.0-20231108114123-c9a40ae4f92a h1:o7IiFfQRujgAMMJVLmsftKBbEInSJhdokqXO/OTvPOs=
github.com/gooddata/gooddata-docs-theme v0.0.0-20231108114123-c9a40ae4f92a/go.mod h1:VVNP6Cmo+vC37RD3T/YHjyU/QdqftGY5z4G513LYyrA=
github.com/gooddata/gooddata-docs-theme v0.0.0-20231219150347-8d8030a5822b h1:a9DjtK0uc3EbaSMo8E7VMgZftfG6O6mAtOtdovhKYik=
github.com/gooddata/gooddata-docs-theme v0.0.0-20231219150347-8d8030a5822b/go.mod h1:VVNP6Cmo+vC37RD3T/YHjyU/QdqftGY5z4G513LYyrA=
github.com/gooddata/gooddata-docs-theme v0.0.0-20240221133123-7948ffa74656 h1:XGV0Yf/AzWZqIviGi6+Vb4NW9q35oupOlqqaezY1mzo=
github.com/gooddata/gooddata-docs-theme v0.0.0-20240221133123-7948ffa74656/go.mod h1:VVNP6Cmo+vC37RD3T/YHjyU/QdqftGY5z4G513LYyrA=
github.com/gooddata/gooddata-docs-theme v0.0.0-20240424130537-0544713a5cd2 h1:tHGj2dUeXBCVwlmn1co/YAfUw3RwQ8g6xRubVwNis6o=
github.com/gooddata/gooddata-docs-theme v0.0.0-20240424130537-0544713a5cd2/go.mod h1:VVNP6Cmo+vC37RD3T/YHjyU/QdqftGY5z4G513LYyrA=
github.com/gooddata/gooddata-docs-theme v0.0.0-20250129122538-80db631526db h1:/Ycu/2dQ7AkqggbBcYi2qSJZUHItbIoz0e63P4oYQjo=
github.com/gooddata/gooddata-docs-theme v0.0.0-20250129122538-80db631526db/go.mod h1:VVNP6Cmo+vC37RD3T/YHjyU/QdqftGY5z4G513LYyrA=
github.com/gooddata/gooddata-docs-theme v0.0.0-20250218135411-9b695c2f96fb h1:BwV4BkG0UTF15qMO3q4X+qhtReGTnGkFqe8KMnwcDAs=
github.com/gooddata/gooddata-docs-theme v0.0.0-20250218135411-9b695c2f96fb/go.mod h1:VVNP6Cmo+vC37RD3T/YHjyU/QdqftGY5z4G513LYyrA=
github.com/google/docsy v0.7.1 h1:DUriA7Nr3lJjNi9Ulev1SfiG1sUYmvyDeU4nTp7uDxY=
github.com/google/docsy v0.7.1/go.mod h1:JCmE+c+izhE0Rvzv3y+AzHhz1KdwlA9Oj5YBMklJcfc=
github.com/google/docsy/dependencies v0.7.1 h1:NbzYKJYMin2q50xdWSUzR2c9gCp7zR/XHDBcxklEcTQ=
github.com/google/docsy/dependencies v0.7.1/go.mod h1:gihhs5gmgeO+wuoay4FwOzob+jYJVyQbNaQOh788lD4=
github.com/twbs/bootstrap v5.2.3+incompatible/go.mod h1:fZTSrkpSf0/HkL0IIJzvVspTt1r9zuf7XlZau8kpcY0=
github.com/twbs/bootstrap v5.3.1+incompatible h1:VZq/ulwa2CvsK7F9LFzkCVLzaCkTYOVyW5c3FBICUsM=
github.com/twbs/bootstrap v5.3.1+incompatible/go.mod h1:fZTSrkpSf0/HkL0IIJzvVspTt1r9zuf7XlZau8kpcY0=
